
Microsoft Visual Studio Solution File, Format Version 12.00
# Visual Studio Version 16
VisualStudioVersion = 16.0.30717.126
MinimumVisualStudioVersion = 10.0.40219.1
Project("{FAE04EC0-301F-11D3-BF4B-00C04F79EFBC}") = "CompraList_Web", "CompraList_Web\CompraList_Web.csproj", "{08302F1B-F39F-47BA-92E8-F293A3F4E864}"
EndProject
Global
	GlobalSection(SolutionConfigurationPlatforms) = preSolution
		Debug|Any CPU = Debug|Any CPU
		Release|Any CPU = Release|Any CPU
	EndGlobalSection
	GlobalSection(ProjectConfigurationPlatforms) = postSolution
		{08302F1B-F39F-47BA-92E8-F293A3F4E864}.Debug|Any CPU.ActiveCfg = Debug|Any CPU
		{08302F1B-F39F-47BA-92E8-F293A3F4E864}.Debug|Any CPU.Build.0 = Debug|Any CPU
		{08302F1B-F39F-47BA-92E8-F293A3F4E864}.Release|Any CPU.ActiveCfg = Release|Any CPU
		{08302F1B-F39F-47BA-92E8-F293A3F4E864}.Release|Any CPU.Build.0 = Release|Any CPU
	EndGlobalSection
	GlobalSection(SolutionProperties) = preSolution
		HideSolutionNode = FALSE
	EndGlobalSection
	GlobalSection(ExtensibilityGlobals) = postSolution
		SolutionGuid = {03E148F0-BF7E-4B0E-80A6-B790DA52D023}
	EndGlobalSection
EndGlobal
